// !$*UTF8*$!
{
	archiveVersion = 1;
	classes = {
	};
	objectVersion = 55;
	objects = {

/* Begin PBXBuildFile section */
		E229AB252840D14D00F3A1EB /* Box+Related.swift in Sources */ = {isa = PBXBuildFile; fileRef = E229AB242840D14D00F3A1EB /* Box+Related.swift */; };
		E229AB262840D14D00F3A1EB /* Box+Related.swift in Sources */ = {isa = PBXBuildFile; fileRef = E229AB242840D14D00F3A1EB /* Box+Related.swift */; };
		E229AB292841228500F3A1EB /* Introspect in Frameworks */ = {isa = PBXBuildFile; productRef = E229AB282841228500F3A1EB /* Introspect */; };
		E229AB2B28412AC300F3A1EB /* AttributeView.swift in Sources */ = {isa = PBXBuildFile; fileRef = E229AB2A28412AC300F3A1EB /* AttributeView.swift */; };
		E229AB2C28412AC300F3A1EB /* AttributeView.swift in Sources */ = {isa = PBXBuildFile; fileRef = E229AB2A28412AC300F3A1EB /* AttributeView.swift */; };
		E229AB2E28414DEA00F3A1EB /* ListView+Expectations.swift in Sources */ = {isa = PBXBuildFile; fileRef = E229AB2D28414DEA00F3A1EB /* ListView+Expectations.swift */; };
		E229AB2F28414DEA00F3A1EB /* ListView+Expectations.swift in Sources */ = {isa = PBXBuildFile; fileRef = E229AB2D28414DEA00F3A1EB /* ListView+Expectations.swift */; };
		E229AB312841FAF100F3A1EB /* AttributeForm.swift in Sources */ = {isa = PBXBuildFile; fileRef = E229AB302841FAF100F3A1EB /* AttributeForm.swift */; };
		E229AB322841FAF100F3A1EB /* AttributeForm.swift in Sources */ = {isa = PBXBuildFile; fileRef = E229AB302841FAF100F3A1EB /* AttributeForm.swift */; };
		E29BE0ED283B64AD00B20427 /* NutritionLabelClassifier_Test_Case_Generator.xcdatamodeld in Sources */ = {isa = PBXBuildFile; fileRef = E29BE0DA283B64AC00B20427 /* NutritionLabelClassifier_Test_Case_Generator.xcdatamodeld */; };
		E29BE0EE283B64AD00B20427 /* NutritionLabelClassifier_Test_Case_Generator.xcdatamodeld in Sources */ = {isa = PBXBuildFile; fileRef = E29BE0DA283B64AC00B20427 /* NutritionLabelClassifier_Test_Case_Generator.xcdatamodeld */; };
		E29BE0EF283B64AD00B20427 /* NutritionLabelClassifier_Test_Case_GeneratorApp.swift in Sources */ = {isa = PBXBuildFile; fileRef = E29BE0DC283B64AC00B20427 /* NutritionLabelClassifier_Test_Case_GeneratorApp.swift */; };
		E29BE0F0283B64AD00B20427 /* NutritionLabelClassifier_Test_Case_GeneratorApp.swift in Sources */ = {isa = PBXBuildFile; fileRef = E29BE0DC283B64AC00B20427 /* NutritionLabelClassifier_Test_Case_GeneratorApp.swift */; };
		E29BE0F1283B64AD00B20427 /* ImageView.swift in Sources */ = {isa = PBXBuildFile; fileRef = E29BE0DD283B64AC00B20427 /* ImageView.swift */; };
		E29BE0F2283B64AD00B20427 /* ImageView.swift in Sources */ = {isa = PBXBuildFile; fileRef = E29BE0DD283B64AC00B20427 /* ImageView.swift */; };
		E29BE0F5283B64AD00B20427 /* Assets.xcassets in Resources */ = {isa = PBXBuildFile; fileRef = E29BE0DF283B64AD00B20427 /* Assets.xcassets */; };
		E29BE0F6283B64AD00B20427 /* Assets.xcassets in Resources */ = {isa = PBXBuildFile; fileRef = E29BE0DF283B64AD00B20427 /* Assets.xcassets */; };
		E29BE101283B65E200B20427 /* SwiftUISugar in Frameworks */ = {isa = PBXBuildFile; productRef = E29BE100283B65E200B20427 /* SwiftUISugar */; };
		E29BE104283B699500B20427 /* NutritionLabelClassifier in Frameworks */ = {isa = PBXBuildFile; productRef = E29BE103283B699500B20427 /* NutritionLabelClassifier */; };
		E29BE106283B6A0300B20427 /* ClassifierController.swift in Sources */ = {isa = PBXBuildFile; fileRef = E29BE105283B6A0300B20427 /* ClassifierController.swift */; };
		E29BE107283B6A0300B20427 /* ClassifierController.swift in Sources */ = {isa = PBXBuildFile; fileRef = E29BE105283B6A0300B20427 /* ClassifierController.swift */; };
		E29BE109283B76F600B20427 /* Box.swift in Sources */ = {isa = PBXBuildFile; fileRef = E29BE108283B76F600B20427 /* Box.swift */; };
		E29BE10A283B76F600B20427 /* Box.swift in Sources */ = {isa = PBXBuildFile; fileRef = E29BE108283B76F600B20427 /* Box.swift */; };
		E29BE10D283B7BD200B20427 /* BottomSheet in Frameworks */ = {isa = PBXBuildFile; productRef = E29BE10C283B7BD200B20427 /* BottomSheet */; };
		E29BE110283B7C3200B20427 /* SwiftHaptics in Frameworks */ = {isa = PBXBuildFile; productRef = E29BE10F283B7C3200B20427 /* SwiftHaptics */; };
		E29BE112283B7D2D00B20427 /* BoxDetailsView.swift in Sources */ = {isa = PBXBuildFile; fileRef = E29BE111283B7D2D00B20427 /* BoxDetailsView.swift */; };
		E29BE113283B7D2D00B20427 /* BoxDetailsView.swift in Sources */ = {isa = PBXBuildFile; fileRef = E29BE111283B7D2D00B20427 /* BoxDetailsView.swift */; };
		E29BE115283CF6FF00B20427 /* Notification.swift in Sources */ = {isa = PBXBuildFile; fileRef = E29BE114283CF6FF00B20427 /* Notification.swift */; };
		E29BE116283CF6FF00B20427 /* Notification.swift in Sources */ = {isa = PBXBuildFile; fileRef = E29BE114283CF6FF00B20427 /* Notification.swift */; };
		E29BE118283CF70C00B20427 /* BoxType.swift in Sources */ = {isa = PBXBuildFile; fileRef = E29BE117283CF70C00B20427 /* BoxType.swift */; };
		E29BE119283CF70C00B20427 /* BoxType.swift in Sources */ = {isa = PBXBuildFile; fileRef = E29BE117283CF70C00B20427 /* BoxType.swift */; };
		E29BE11B283CF71200B20427 /* BoxStatus.swift in Sources */ = {isa = PBXBuildFile; fileRef = E29BE11A283CF71200B20427 /* BoxStatus.swift */; };
		E29BE11C283CF71200B20427 /* BoxStatus.swift in Sources */ = {isa = PBXBuildFile; fileRef = E29BE11A283CF71200B20427 /* BoxStatus.swift */; };
		E29BE11E283CF74100B20427 /* ZoomableScrollView.swift in Sources */ = {isa = PBXBuildFile; fileRef = E29BE11D283CF74100B20427 /* ZoomableScrollView.swift */; };
		E29BE11F283CF74100B20427 /* ZoomableScrollView.swift in Sources */ = {isa = PBXBuildFile; fileRef = E29BE11D283CF74100B20427 /* ZoomableScrollView.swift */; };
		E29BE121283CF83E00B20427 /* ListView.swift in Sources */ = {isa = PBXBuildFile; fileRef = E29BE120283CF83E00B20427 /* ListView.swift */; };
		E29BE122283CF83E00B20427 /* ListView.swift in Sources */ = {isa = PBXBuildFile; fileRef = E29BE120283CF83E00B20427 /* ListView.swift */; };
		E2BC0273283FD9BD008EA066 /* BoxCell.swift in Sources */ = {isa = PBXBuildFile; fileRef = E2BC0272283FD9BD008EA066 /* BoxCell.swift */; };
		E2BC0274283FD9BD008EA066 /* BoxCell.swift in Sources */ = {isa = PBXBuildFile; fileRef = E2BC0272283FD9BD008EA066 /* BoxCell.swift */; };
/* End PBXBuildFile section */

/* Begin PBXFileReference section */
		E229AB242840D14D00F3A1EB /* Box+Related.swift */ = {isa = PBXFileReference; lastKnownFileType = sourcecode.swift; path = "Box+Related.swift"; sourceTree = "<group>"; };
		E229AB2A28412AC300F3A1EB /* AttributeView.swift */ = {isa = PBXFileReference; lastKnownFileType = sourcecode.swift; path = AttributeView.swift; sourceTree = "<group>"; };
		E229AB2D28414DEA00F3A1EB /* ListView+Expectations.swift */ = {isa = PBXFileReference; lastKnownFileType = sourcecode.swift; path = "ListView+Expectations.swift"; sourceTree = "<group>"; };
		E229AB302841FAF100F3A1EB /* AttributeForm.swift */ = {isa = PBXFileReference; lastKnownFileType = sourcecode.swift; path = AttributeForm.swift; sourceTree = "<group>"; };
		E29BE0DB283B64AC00B20427 /* Shared.xcdatamodel */ = {isa = PBXFileReference; lastKnownFileType = wrapper.xcdatamodel; path = Shared.xcdatamodel; sourceTree = "<group>"; };
		E29BE0DC283B64AC00B20427 /* NutritionLabelClassifier_Test_Case_GeneratorApp.swift */ = {isa = PBXFileReference; lastKnownFileType = sourcecode.swift; path = NutritionLabelClassifier_Test_Case_GeneratorApp.swift; sourceTree = "<group>"; };
		E29BE0DD283B64AC00B20427 /* ImageView.swift */ = {isa = PBXFileReference; lastKnownFileType = sourcecode.swift; path = ImageView.swift; sourceTree = "<group>"; };
		E29BE0DF283B64AD00B20427 /* Assets.xcassets */ = {isa = PBXFileReference; lastKnownFileType = folder.assetcatalog; path = Assets.xcassets; sourceTree = "<group>"; };
		E29BE0E4283B64AD00B20427 /* Test Cases.app */ = {isa = PBXFileReference; explicitFileType = wrapper.application; includeInIndex = 0; path = "Test Cases.app"; sourceTree = BUILT_PRODUCTS_DIR; };
		E29BE0EA283B64AD00B20427 /* NutritionLabelClassifier Test Case Generator.app */ = {isa = PBXFileReference; explicitFileType = wrapper.application; includeInIndex = 0; path = "NutritionLabelClassifier Test Case Generator.app"; sourceTree = BUILT_PRODUCTS_DIR; };
		E29BE0EC283B64AD00B20427 /* macOS.entitlements */ = {isa = PBXFileReference; lastKnownFileType = text.plist.entitlements; path = macOS.entitlements; sourceTree = "<group>"; };
		E29BE105283B6A0300B20427 /* ClassifierController.swift */ = {isa = PBXFileReference; lastKnownFileType = sourcecode.swift; path = ClassifierController.swift; sourceTree = "<group>"; };
		E29BE108283B76F600B20427 /* Box.swift */ = {isa = PBXFileReference; lastKnownFileType = sourcecode.swift; path = Box.swift; sourceTree = "<group>"; };
		E29BE111283B7D2D00B20427 /* BoxDetailsView.swift */ = {isa = PBXFileReference; lastKnownFileType = sourcecode.swift; path = BoxDetailsView.swift; sourceTree = "<group>"; };
		E29BE114283CF6FF00B20427 /* Notification.swift */ = {isa = PBXFileReference; lastKnownFileType = sourcecode.swift; path = Notification.swift; sourceTree = "<group>"; };
		E29BE117283CF70C00B20427 /* BoxType.swift */ = {isa = PBXFileReference; lastKnownFileType = sourcecode.swift; path = BoxType.swift; sourceTree = "<group>"; };
		E29BE11A283CF71200B20427 /* BoxStatus.swift */ = {isa = PBXFileReference; lastKnownFileType = sourcecode.swift; path = BoxStatus.swift; sourceTree = "<group>"; };
		E29BE11D283CF74100B20427 /* ZoomableScrollView.swift */ = {isa = PBXFileReference; lastKnownFileType = sourcecode.swift; path = ZoomableScrollView.swift; sourceTree = "<group>"; };
		E29BE120283CF83E00B20427 /* ListView.swift */ = {isa = PBXFileReference; lastKnownFileType = sourcecode.swift; path = ListView.swift; sourceTree = "<group>"; };
		E2BC0272283FD9BD008EA066 /* BoxCell.swift */ = {isa = PBXFileReference; lastKnownFileType = sourcecode.swift; path = BoxCell.swift; sourceTree = "<group>"; };
/* End PBXFileReference section */

/* Begin PBXFrameworksBuildPhase section */
		E29BE0E1283B64AD00B20427 /* Frameworks */ = {
			isa = PBXFrameworksBuildPhase;
			buildActionMask = 2147483647;
			files = (
				E29BE101283B65E200B20427 /* SwiftUISugar in Frameworks */,
				E29BE110283B7C3200B20427 /* SwiftHaptics in Frameworks */,
				E229AB292841228500F3A1EB /* Introspect in Frameworks */,
				E29BE10D283B7BD200B20427 /* BottomSheet in Frameworks */,
				E29BE104283B699500B20427 /* NutritionLabelClassifier in Frameworks */,
			);
			runOnlyForDeploymentPostprocessing = 0;
		};
		E29BE0E7283B64AD00B20427 /* Frameworks */ = {
			isa = PBXFrameworksBuildPhase;
			buildActionMask = 2147483647;
			files = (
			);
			runOnlyForDeploymentPostprocessing = 0;
		};
/* End PBXFrameworksBuildPhase section */

/* Begin PBXGroup section */
		E29BE0D4283B64AC00B20427 = {
			isa = PBXGroup;
			children = (
				E29BE0D9283B64AC00B20427 /* Shared */,
				E29BE0EB283B64AD00B20427 /* macOS */,
				E29BE0E5283B64AD00B20427 /* Products */,
			);
			sourceTree = "<group>";
		};
		E29BE0D9283B64AC00B20427 /* Shared */ = {
			isa = PBXGroup;
			children = (
				E2BC0277283FDA54008EA066 /* App */,
				E2BC0279283FDA87008EA066 /* Controllers */,
				E2BC0275283FDA14008EA066 /* Enums */,
				E2BC027A283FDA91008EA066 /* Models */,
				E2BC0276283FDA19008EA066 /* Views */,
				E2BC0278283FDA7C008EA066 /* ViewModels */,
				E29BE0DF283B64AD00B20427 /* Assets.xcassets */,
				E29BE0DA283B64AC00B20427 /* NutritionLabelClassifier_Test_Case_Generator.xcdatamodeld */,
			);
			path = Shared;
			sourceTree = "<group>";
		};
		E29BE0E5283B64AD00B20427 /* Products */ = {
			isa = PBXGroup;
			children = (
				E29BE0E4283B64AD00B20427 /* Test Cases.app */,
				E29BE0EA283B64AD00B20427 /* NutritionLabelClassifier Test Case Generator.app */,
			);
			name = Products;
			sourceTree = "<group>";
		};
		E29BE0EB283B64AD00B20427 /* macOS */ = {
			isa = PBXGroup;
			children = (
				E29BE0EC283B64AD00B20427 /* macOS.entitlements */,
			);
			path = macOS;
			sourceTree = "<group>";
		};
		E2BC0275283FDA14008EA066 /* Enums */ = {
			isa = PBXGroup;
			children = (
				E29BE117283CF70C00B20427 /* BoxType.swift */,
				E29BE11A283CF71200B20427 /* BoxStatus.swift */,
			);
			path = Enums;
			sourceTree = "<group>";
		};
		E2BC0276283FDA19008EA066 /* Views */ = {
			isa = PBXGroup;
			children = (
				E2BC0272283FD9BD008EA066 /* BoxCell.swift */,
				E29BE111283B7D2D00B20427 /* BoxDetailsView.swift */,
				E29BE0DD283B64AC00B20427 /* ImageView.swift */,
				E29BE120283CF83E00B20427 /* ListView.swift */,
				E229AB2D28414DEA00F3A1EB /* ListView+Expectations.swift */,
				E229AB2A28412AC300F3A1EB /* AttributeView.swift */,
				E229AB302841FAF100F3A1EB /* AttributeForm.swift */,
				E29BE11D283CF74100B20427 /* ZoomableScrollView.swift */,
			);
			path = Views;
			sourceTree = "<group>";
		};
		E2BC0277283FDA54008EA066 /* App */ = {
			isa = PBXGroup;
			children = (
				E29BE0DC283B64AC00B20427 /* NutritionLabelClassifier_Test_Case_GeneratorApp.swift */,
				E29BE114283CF6FF00B20427 /* Notification.swift */,
			);
			path = App;
			sourceTree = "<group>";
		};
		E2BC0278283FDA7C008EA066 /* ViewModels */ = {
			isa = PBXGroup;
			children = (
			);
			path = ViewModels;
			sourceTree = "<group>";
		};
		E2BC0279283FDA87008EA066 /* Controllers */ = {
			isa = PBXGroup;
			children = (
				E29BE105283B6A0300B20427 /* ClassifierController.swift */,
			);
			path = Controllers;
			sourceTree = "<group>";
		};
		E2BC027A283FDA91008EA066 /* Models */ = {
			isa = PBXGroup;
			children = (
				E29BE108283B76F600B20427 /* Box.swift */,
				E229AB242840D14D00F3A1EB /* Box+Related.swift */,
			);
			path = Models;
			sourceTree = "<group>";
		};
/* End PBXGroup section */

/* Begin PBXNativeTarget section */
		E29BE0E3283B64AD00B20427 /* NutritionLabelClassifier Test Case Generator (iOS) */ = {
			isa = PBXNativeTarget;
			buildConfigurationList = E29BE0F9283B64AD00B20427 /* Build configuration list for PBXNativeTarget "NutritionLabelClassifier Test Case Generator (iOS)" */;
			buildPhases = (
				E29BE0E0283B64AD00B20427 /* Sources */,
				E29BE0E1283B64AD00B20427 /* Frameworks */,
				E29BE0E2283B64AD00B20427 /* Resources */,
			);
			buildRules = (
			);
			dependencies = (
			);
			name = "NutritionLabelClassifier Test Case Generator (iOS)";
			packageProductDependencies = (
				E29BE100283B65E200B20427 /* SwiftUISugar */,
				E29BE103283B699500B20427 /* NutritionLabelClassifier */,
				E29BE10C283B7BD200B20427 /* BottomSheet */,
				E29BE10F283B7C3200B20427 /* SwiftHaptics */,
				E229AB282841228500F3A1EB /* Introspect */,
			);
			productName = "NutritionLabelClassifier Test Case Generator (iOS)";
			productReference = E29BE0E4283B64AD00B20427 /* Test Cases.app */;
			productType = "com.apple.product-type.application";
		};
		E29BE0E9283B64AD00B20427 /* NutritionLabelClassifier Test Case Generator (macOS) */ = {
			isa = PBXNativeTarget;
			buildConfigurationList = E29BE0FC283B64AD00B20427 /* Build configuration list for PBXNativeTarget "NutritionLabelClassifier Test Case Generator (macOS)" */;
			buildPhases = (
				E29BE0E6283B64AD00B20427 /* Sources */,
				E29BE0E7283B64AD00B20427 /* Frameworks */,
				E29BE0E8283B64AD00B20427 /* Resources */,
			);
			buildRules = (
			);
			dependencies = (
			);
			name = "NutritionLabelClassifier Test Case Generator (macOS)";
			productName = "NutritionLabelClassifier Test Case Generator (macOS)";
			productReference = E29BE0EA283B64AD00B20427 /* NutritionLabelClassifier Test Case Generator.app */;
			productType = "com.apple.product-type.application";
		};
/* End PBXNativeTarget section */

/* Begin PBXProject section */
		E29BE0D5283B64AC00B20427 /* Project object */ = {
			isa = PBXProject;
			attributes = {
				BuildIndependentTargetsInParallel = 1;
				LastSwiftUpdateCheck = 1330;
				LastUpgradeCheck = 1330;
				TargetAttributes = {
					E29BE0E3283B64AD00B20427 = {
						CreatedOnToolsVersion = 13.3.1;
					};
					E29BE0E9283B64AD00B20427 = {
						CreatedOnToolsVersion = 13.3.1;
					};
				};
			};
			buildConfigurationList = E29BE0D8283B64AC00B20427 /* Build configuration list for PBXProject "NutritionLabelClassifier Test Case Generator" */;
			compatibilityVersion = "Xcode 13.0";
			developmentRegion = en;
			hasScannedForEncodings = 0;
			knownRegions = (
				en,
				Base,
			);
			mainGroup = E29BE0D4283B64AC00B20427;
			packageReferences = (
				E29BE0FF283B65E200B20427 /* XCRemoteSwiftPackageReference "SwiftUISugar" */,
				E29BE102283B699500B20427 /* XCRemoteSwiftPackageReference "NutritionLabelClassifier" */,
				E29BE10B283B7BD200B20427 /* XCRemoteSwiftPackageReference "BottomSheet" */,
				E29BE10E283B7C3200B20427 /* XCRemoteSwiftPackageReference "SwiftHaptics" */,
				E229AB272841228500F3A1EB /* XCRemoteSwiftPackageReference "SwiftUI-Introspect" */,
			);
			productRefGroup = E29BE0E5283B64AD00B20427 /* Products */;
			projectDirPath = "";
			projectRoot = "";
			targets = (
				E29BE0E3283B64AD00B20427 /* NutritionLabelClassifier Test Case Generator (iOS) */,
				E29BE0E9283B64AD00B20427 /* NutritionLabelClassifier Test Case Generator (macOS) */,
			);
		};
/* End PBXProject section */

/* Begin PBXResourcesBuildPhase section */
		E29BE0E2283B64AD00B20427 /* Resources */ = {
			isa = PBXResourcesBuildPhase;
			buildActionMask = 2147483647;
			files = (
				E29BE0F5283B64AD00B20427 /* Assets.xcassets in Resources */,
			);
			runOnlyForDeploymentPostprocessing = 0;
		};
		E29BE0E8283B64AD00B20427 /* Resources */ = {
			isa = PBXResourcesBuildPhase;
			buildActionMask = 2147483647;
			files = (
				E29BE0F6283B64AD00B20427 /* Assets.xcassets in Resources */,
			);
			runOnlyForDeploymentPostprocessing = 0;
		};
/* End PBXResourcesBuildPhase section */

/* Begin PBXSourcesBuildPhase section */
		E29BE0E0283B64AD00B20427 /* Sources */ = {
			isa = PBXSourcesBuildPhase;
			buildActionMask = 2147483647;
			files = (
				E29BE11E283CF74100B20427 /* ZoomableScrollView.swift in Sources */,
				E229AB2E28414DEA00F3A1EB /* ListView+Expectations.swift in Sources */,
				E29BE0EF283B64AD00B20427 /* NutritionLabelClassifier_Test_Case_GeneratorApp.swift in Sources */,
				E29BE112283B7D2D00B20427 /* BoxDetailsView.swift in Sources */,
				E29BE11B283CF71200B20427 /* BoxStatus.swift in Sources */,
				E29BE0ED283B64AD00B20427 /* NutritionLabelClassifier_Test_Case_Generator.xcdatamodeld in Sources */,
				E229AB312841FAF100F3A1EB /* AttributeForm.swift in Sources */,
				E229AB2B28412AC300F3A1EB /* AttributeView.swift in Sources */,
				E29BE118283CF70C00B20427 /* BoxType.swift in Sources */,
				E229AB252840D14D00F3A1EB /* Box+Related.swift in Sources */,
				E29BE115283CF6FF00B20427 /* Notification.swift in Sources */,
				E29BE0F1283B64AD00B20427 /* ImageView.swift in Sources */,
				E29BE121283CF83E00B20427 /* ListView.swift in Sources */,
				E2BC0273283FD9BD008EA066 /* BoxCell.swift in Sources */,
				E29BE106283B6A0300B20427 /* ClassifierController.swift in Sources */,
				E29BE109283B76F600B20427 /* Box.swift in Sources */,
			);
			runOnlyForDeploymentPostprocessing = 0;
		};
		E29BE0E6283B64AD00B20427 /* Sources */ = {
			isa = PBXSourcesBuildPhase;
			buildActionMask = 2147483647;
			files = (
				E29BE11F283CF74100B20427 /* ZoomableScrollView.swift in Sources */,
				E229AB2F28414DEA00F3A1EB /* ListView+Expectations.swift in Sources */,
				E29BE0F0283B64AD00B20427 /* NutritionLabelClassifier_Test_Case_GeneratorApp.swift in Sources */,
				E29BE113283B7D2D00B20427 /* BoxDetailsView.swift in Sources */,
				E29BE11C283CF71200B20427 /* BoxStatus.swift in Sources */,
				E29BE0EE283B64AD00B20427 /* NutritionLabelClassifier_Test_Case_Generator.xcdatamodeld in Sources */,
				E229AB322841FAF100F3A1EB /* AttributeForm.swift in Sources */,
				E229AB2C28412AC300F3A1EB /* AttributeView.swift in Sources */,
				E29BE119283CF70C00B20427 /* BoxType.swift in Sources */,
				E229AB262840D14D00F3A1EB /* Box+Related.swift in Sources */,
				E29BE116283CF6FF00B20427 /* Notification.swift in Sources */,
				E29BE0F2283B64AD00B20427 /* ImageView.swift in Sources */,
				E29BE122283CF83E00B20427 /* ListView.swift in Sources */,
				E2BC0274283FD9BD008EA066 /* BoxCell.swift in Sources */,
				E29BE107283B6A0300B20427 /* ClassifierController.swift in Sources */,
				E29BE10A283B76F600B20427 /* Box.swift in Sources */,
			);
			runOnlyForDeploymentPostprocessing = 0;
		};
/* End PBXSourcesBuildPhase section */

/* Begin XCBuildConfiguration section */
		E29BE0F7283B64AD00B20427 /* Debug */ = {
			isa = XCBuildConfiguration;
			buildSettings = {
				ALWAYS_SEARCH_USER_PATHS = NO;
				CLANG_ANALYZER_NONNULL = YES;
				CLANG_ANALYZER_NUMBER_OBJECT_CONVERSION = YES_AGGRESSIVE;
				CLANG_CXX_LANGUAGE_STANDARD = "gnu++17";
				CLANG_ENABLE_MODULES = YES;
				CLANG_ENABLE_OBJC_ARC = YES;
				CLANG_ENABLE_OBJC_WEAK = YES;
				CLANG_WARN_BLOCK_CAPTURE_AUTORELEASING = YES;
				CLANG_WARN_BOOL_CONVERSION = YES;
				CLANG_WARN_COMMA = YES;
				CLANG_WARN_CONSTANT_CONVERSION = YES;
				CLANG_WARN_DEPRECATED_OBJC_IMPLEMENTATIONS = YES;
				CLANG_WARN_DIRECT_OBJC_ISA_USAGE = YES_ERROR;
				CLANG_WARN_DOCUMENTATION_COMMENTS = YES;
				CLANG_WARN_EMPTY_BODY = YES;
				CLANG_WARN_ENUM_CONVERSION = YES;
				CLANG_WARN_INFINITE_RECURSION = YES;
				CLANG_WARN_INT_CONVERSION = YES;
				CLANG_WARN_NON_LITERAL_NULL_CONVERSION = YES;
				CLANG_WARN_OBJC_IMPLICIT_RETAIN_SELF = YES;
				CLANG_WARN_OBJC_LITERAL_CONVERSION = YES;
				CLANG_WARN_OBJC_ROOT_CLASS = YES_ERROR;
				CLANG_WARN_QUOTED_INCLUDE_IN_FRAMEWORK_HEADER = YES;
				CLANG_WARN_RANGE_LOOP_ANALYSIS = YES;
				CLANG_WARN_STRICT_PROTOTYPES = YES;
				CLANG_WARN_SUSPICIOUS_MOVE = YES;
				CLANG_WARN_UNGUARDED_AVAILABILITY = YES_AGGRESSIVE;
				CLANG_WARN_UNREACHABLE_CODE = YES;
				CLANG_WARN__DUPLICATE_METHOD_MATCH = YES;
				COPY_PHASE_STRIP = NO;
				DEBUG_INFORMATION_FORMAT = dwarf;
				ENABLE_STRICT_OBJC_MSGSEND = YES;
				ENABLE_TESTABILITY = YES;
				GCC_C_LANGUAGE_STANDARD = gnu11;
				GCC_DYNAMIC_NO_PIC = NO;
				GCC_NO_COMMON_BLOCKS = YES;
				GCC_OPTIMIZATION_LEVEL = 0;
				GCC_PREPROCESSOR_DEFINITIONS = (
					"DEBUG=1",
					"$(inherited)",
				);
				GCC_WARN_64_TO_32_BIT_CONVERSION = YES;
				GCC_WARN_ABOUT_RETURN_TYPE = YES_ERROR;
				GCC_WARN_UNDECLARED_SELECTOR = YES;
				GCC_WARN_UNINITIALIZED_AUTOS = YES_AGGRESSIVE;
				GCC_WARN_UNUSED_FUNCTION = YES;
				GCC_WARN_UNUSED_VARIABLE = YES;
				MTL_ENABLE_DEBUG_INFO = INCLUDE_SOURCE;
				MTL_FAST_MATH = YES;
				ONLY_ACTIVE_ARCH = YES;
				SWIFT_ACTIVE_COMPILATION_CONDITIONS = DEBUG;
				SWIFT_OPTIMIZATION_LEVEL = "-Onone";
			};
			name = Debug;
		};
		E29BE0F8283B64AD00B20427 /* Release */ = {
			isa = XCBuildConfiguration;
			buildSettings = {
				ALWAYS_SEARCH_USER_PATHS = NO;
				CLANG_ANALYZER_NONNULL = YES;
				CLANG_ANALYZER_NUMBER_OBJECT_CONVERSION = YES_AGGRESSIVE;
				CLANG_CXX_LANGUAGE_STANDARD = "gnu++17";
				CLANG_ENABLE_MODULES = YES;
				CLANG_ENABLE_OBJC_ARC = YES;
				CLANG_ENABLE_OBJC_WEAK = YES;
				CLANG_WARN_BLOCK_CAPTURE_AUTORELEASING = YES;
				CLANG_WARN_BOOL_CONVERSION = YES;
				CLANG_WARN_COMMA = YES;
				CLANG_WARN_CONSTANT_CONVERSION = YES;
				CLANG_WARN_DEPRECATED_OBJC_IMPLEMENTATIONS = YES;
				CLANG_WARN_DIRECT_OBJC_ISA_USAGE = YES_ERROR;
				CLANG_WARN_DOCUMENTATION_COMMENTS = YES;
				CLANG_WARN_EMPTY_BODY = YES;
				CLANG_WARN_ENUM_CONVERSION = YES;
				CLANG_WARN_INFINITE_RECURSION = YES;
				CLANG_WARN_INT_CONVERSION = YES;
				CLANG_WARN_NON_LITERAL_NULL_CONVERSION = YES;
				CLANG_WARN_OBJC_IMPLICIT_RETAIN_SELF = YES;
				CLANG_WARN_OBJC_LITERAL_CONVERSION = YES;
				CLANG_WARN_OBJC_ROOT_CLASS = YES_ERROR;
				CLANG_WARN_QUOTED_INCLUDE_IN_FRAMEWORK_HEADER = YES;
				CLANG_WARN_RANGE_LOOP_ANALYSIS = YES;
				CLANG_WARN_STRICT_PROTOTYPES = YES;
				CLANG_WARN_SUSPICIOUS_MOVE = YES;
				CLANG_WARN_UNGUARDED_AVAILABILITY = YES_AGGRESSIVE;
				CLANG_WARN_UNREACHABLE_CODE = YES;
				CLANG_WARN__DUPLICATE_METHOD_MATCH = YES;
				COPY_PHASE_STRIP = NO;
				DEBUG_INFORMATION_FORMAT = "dwarf-with-dsym";
				ENABLE_NS_ASSERTIONS = NO;
				ENABLE_STRICT_OBJC_MSGSEND = YES;
				GCC_C_LANGUAGE_STANDARD = gnu11;
				GCC_NO_COMMON_BLOCKS = YES;
				GCC_WARN_64_TO_32_BIT_CONVERSION = YES;
				GCC_WARN_ABOUT_RETURN_TYPE = YES_ERROR;
				GCC_WARN_UNDECLARED_SELECTOR = YES;
				GCC_WARN_UNINITIALIZED_AUTOS = YES_AGGRESSIVE;
				GCC_WARN_UNUSED_FUNCTION = YES;
				GCC_WARN_UNUSED_VARIABLE = YES;
				MTL_ENABLE_DEBUG_INFO = NO;
				MTL_FAST_MATH = YES;
				SWIFT_COMPILATION_MODE = wholemodule;
				SWIFT_OPTIMIZATION_LEVEL = "-O";
			};
			name = Release;
		};
		E29BE0FA283B64AD00B20427 /* Debug */ = {
			isa = XCBuildConfiguration;
			buildSettings = {
				ASSETCATALOG_COMPILER_APPICON_NAME = AppIcon;
				ASSETCATALOG_COMPILER_GLOBAL_ACCENT_COLOR_NAME = AccentColor;
				CODE_SIGN_STYLE = Automatic;
				CURRENT_PROJECT_VERSION = 1;
				DEVELOPMENT_TEAM = 3EQ4PU3P2V;
				ENABLE_PREVIEWS = YES;
				GENERATE_INFOPLIST_FILE = YES;
				INFOPLIST_KEY_UIApplicationSceneManifest_Generation = YES;
				INFOPLIST_KEY_UIApplicationSupportsIndirectInputEvents = YES;
				INFOPLIST_KEY_UILaunchScreen_Generation = YES;
				INFOPLIST_KEY_UISupportedInterfaceOrientations_iPad = "UIInterfaceOrientationPortrait UIInterfaceOrientationPortraitUpsideDown UIInterfaceOrientationLandscapeLeft UIInterfaceOrientationLandscapeRight";
				INFOPLIST_KEY_UISupportedInterfaceOrientations_iPhone = "UIInterfaceOrientationPortrait UIInterfaceOrientationLandscapeLeft UIInterfaceOrientationLandscapeRight";
				IPHONEOS_DEPLOYMENT_TARGET = 15.4;
				LD_RUNPATH_SEARCH_PATHS = (
					"$(inherited)",
					"@executable_path/Frameworks",
				);
				MARKETING_VERSION = 1.0;
				PRODUCT_BUNDLE_IDENTIFIER = "com.pxlshpr.NutritionLabelClassifier-Test-Case-Generator";
				PRODUCT_NAME = "Test Cases";
				SDKROOT = iphoneos;
				SWIFT_EMIT_LOC_STRINGS = YES;
				SWIFT_VERSION = 5.0;
				TARGETED_DEVICE_FAMILY = "1,2";
			};
			name = Debug;
		};
		E29BE0FB283B64AD00B20427 /* Release */ = {
			isa = XCBuildConfiguration;
			buildSettings = {
				ASSETCATALOG_COMPILER_APPICON_NAME = AppIcon;
				ASSETCATALOG_COMPILER_GLOBAL_ACCENT_COLOR_NAME = AccentColor;
				CODE_SIGN_STYLE = Automatic;
				CURRENT_PROJECT_VERSION = 1;
				DEVELOPMENT_TEAM = 3EQ4PU3P2V;
				ENABLE_PREVIEWS = YES;
				GENERATE_INFOPLIST_FILE = YES;
				INFOPLIST_KEY_UIApplicationSceneManifest_Generation = YES;
				INFOPLIST_KEY_UIApplicationSupportsIndirectInputEvents = YES;
				INFOPLIST_KEY_UILaunchScreen_Generation = YES;
				INFOPLIST_KEY_UISupportedInterfaceOrientations_iPad = "UIInterfaceOrientationPortrait UIInterfaceOrientationPortraitUpsideDown UIInterfaceOrientationLandscapeLeft UIInterfaceOrientationLandscapeRight";
				INFOPLIST_KEY_UISupportedInterfaceOrientations_iPhone = "UIInterfaceOrientationPortrait UIInterfaceOrientationLandscapeLeft UIInterfaceOrientationLandscapeRight";
				IPHONEOS_DEPLOYMENT_TARGET = 15.4;
				LD_RUNPATH_SEARCH_PATHS = (
					"$(inherited)",
					"@executable_path/Frameworks",
				);
				MARKETING_VERSION = 1.0;
				PRODUCT_BUNDLE_IDENTIFIER = "com.pxlshpr.NutritionLabelClassifier-Test-Case-Generator";
				PRODUCT_NAME = "Test Cases";
				SDKROOT = iphoneos;
				SWIFT_EMIT_LOC_STRINGS = YES;
				SWIFT_VERSION = 5.0;
				TARGETED_DEVICE_FAMILY = "1,2";
				VALIDATE_PRODUCT = YES;
			};
			name = Release;
		};
		E29BE0FD283B64AD00B20427 /* Debug */ = {
			isa = XCBuildConfiguration;
			buildSettings = {
				ASSETCATALOG_COMPILER_APPICON_NAME = AppIcon;
				ASSETCATALOG_COMPILER_GLOBAL_ACCENT_COLOR_NAME = AccentColor;
				CODE_SIGN_ENTITLEMENTS = macOS/macOS.entitlements;
				CODE_SIGN_STYLE = Automatic;
				COMBINE_HIDPI_IMAGES = YES;
				CURRENT_PROJECT_VERSION = 1;
				DEVELOPMENT_TEAM = 3EQ4PU3P2V;
				ENABLE_HARDENED_RUNTIME = YES;
				ENABLE_PREVIEWS = YES;
				GENERATE_INFOPLIST_FILE = YES;
				INFOPLIST_KEY_NSHumanReadableCopyright = "";
				LD_RUNPATH_SEARCH_PATHS = (
					"$(inherited)",
					"@executable_path/../Frameworks",
				);
				MACOSX_DEPLOYMENT_TARGET = 12.0;
				MARKETING_VERSION = 1.0;
				PRODUCT_BUNDLE_IDENTIFIER = "com.pxlshpr.NutritionLabelClassifier-Test-Case-Generator";
				PRODUCT_NAME = "NutritionLabelClassifier Test Case Generator";
				SDKROOT = macosx;
				SWIFT_EMIT_LOC_STRINGS = YES;
				SWIFT_VERSION = 5.0;
			};
			name = Debug;
		};
		E29BE0FE283B64AD00B20427 /* Release */ = {
			isa = XCBuildConfiguration;
			buildSettings = {
				ASSETCATALOG_COMPILER_APPICON_NAME = AppIcon;
				ASSETCATALOG_COMPILER_GLOBAL_ACCENT_COLOR_NAME = AccentColor;
				CODE_SIGN_ENTITLEMENTS = macOS/macOS.entitlements;
				CODE_SIGN_STYLE = Automatic;
				COMBINE_HIDPI_IMAGES = YES;
				CURRENT_PROJECT_VERSION = 1;
				DEVELOPMENT_TEAM = 3EQ4PU3P2V;
				ENABLE_HARDENED_RUNTIME = YES;
				ENABLE_PREVIEWS = YES;
				GENERATE_INFOPLIST_FILE = YES;
				INFOPLIST_KEY_NSHumanReadableCopyright = "";
				LD_RUNPATH_SEARCH_PATHS = (
					"$(inherited)",
					"@executable_path/../Frameworks",
				);
				MACOSX_DEPLOYMENT_TARGET = 12.0;
				MARKETING_VERSION = 1.0;
				PRODUCT_BUNDLE_IDENTIFIER = "com.pxlshpr.NutritionLabelClassifier-Test-Case-Generator";
				PRODUCT_NAME = "NutritionLabelClassifier Test Case Generator";
				SDKROOT = macosx;
				SWIFT_EMIT_LOC_STRINGS = YES;
				SWIFT_VERSION = 5.0;
			};
			name = Release;
		};
/* End XCBuildConfiguration section */

/* Begin XCConfigurationList section */
		E29BE0D8283B64AC00B20427 /* Build configuration list for PBXProject "NutritionLabelClassifier Test Case Generator" */ = {
			isa = XCConfigurationList;
			buildConfigurations = (
				E29BE0F7283B64AD00B20427 /* Debug */,
				E29BE0F8283B64AD00B20427 /* Release */,
			);
			defaultConfigurationIsVisible = 0;
			defaultConfigurationName = Release;
		};
		E29BE0F9283B64AD00B20427 /* Build configuration list for PBXNativeTarget "NutritionLabelClassifier Test Case Generator (iOS)" */ = {
			isa = XCConfigurationList;
			buildConfigurations = (
				E29BE0FA283B64AD00B20427 /* Debug */,
				E29BE0FB283B64AD00B20427 /* Release */,
			);
			defaultConfigurationIsVisible = 0;
			defaultConfigurationName = Release;
		};
		E29BE0FC283B64AD00B20427 /* Build configuration list for PBXNativeTarget "NutritionLabelClassifier Test Case Generator (macOS)" */ = {
			isa = XCConfigurationList;
			buildConfigurations = (
				E29BE0FD283B64AD00B20427 /* Debug */,
				E29BE0FE283B64AD00B20427 /* Release */,
			);
			defaultConfigurationIsVisible = 0;
			defaultConfigurationName = Release;
		};
/* End XCConfigurationList section */

/* Begin XCRemoteSwiftPackageReference section */
		E229AB272841228500F3A1EB /* XCRemoteSwiftPackageReference "SwiftUI-Introspect" */ = {
			isa = XCRemoteSwiftPackageReference;
			repositoryURL = "https://github.com/siteline/SwiftUI-Introspect";
			requirement = {
				kind = upToNextMajorVersion;
				minimumVersion = 0.1.4;
			};
		};
		E29BE0FF283B65E200B20427 /* XCRemoteSwiftPackageReference "SwiftUISugar" */ = {
			isa = XCRemoteSwiftPackageReference;
			repositoryURL = "https://github.com/pxlshpr/SwiftUISugar";
			requirement = {
				kind = upToNextMajorVersion;
				minimumVersion = 0.0.99;
			};
		};
		E29BE102283B699500B20427 /* XCRemoteSwiftPackageReference "NutritionLabelClassifier" */ = {
			isa = XCRemoteSwiftPackageReference;
			repositoryURL = "https://github.com/pxlshpr/NutritionLabelClassifier.git";
			requirement = {
				branch = main;
				kind = branch;
			};
		};
		E29BE10B283B7BD200B20427 /* XCRemoteSwiftPackageReference "BottomSheet" */ = {
			isa = XCRemoteSwiftPackageReference;
			repositoryURL = "https://github.com/adamfootdev/BottomSheet.git";
			requirement = {
				branch = main;
				kind = branch;
			};
		};
		E29BE10E283B7C3200B20427 /* XCRemoteSwiftPackageReference "SwiftHaptics" */ = {
			isa = XCRemoteSwiftPackageReference;
			repositoryURL = "https://github.com/pxlshpr/SwiftHaptics";
			requirement = {
				kind = upToNextMajorVersion;
				minimumVersion = 0.1.0;
			};
		};
/* End XCRemoteSwiftPackageReference section */

/* Begin XCSwiftPackageProductDependency section */
		E229AB282841228500F3A1EB /* Introspect */ = {
			isa = XCSwiftPackageProductDependency;
			package = E229AB272841228500F3A1EB /* XCRemoteSwiftPackageReference "SwiftUI-Introspect" */;
			productName = Introspect;
		};
		E29BE100283B65E200B20427 /* SwiftUISugar */ = {
			isa = XCSwiftPackageProductDependency;
			package = E29BE0FF283B65E200B20427 /* XCRemoteSwiftPackageReference "SwiftUISugar" */;
			productName = SwiftUISugar;
		};
		E29BE103283B699500B20427 /* NutritionLabelClassifier */ = {
			isa = XCSwiftPackageProductDependency;
			package = E29BE102283B699500B20427 /* XCRemoteSwiftPackageReference "NutritionLabelClassifier" */;
			productName = NutritionLabelClassifier;
		};
		E29BE10C283B7BD200B20427 /* BottomSheet */ = {
			isa = XCSwiftPackageProductDependency;
			package = E29BE10B283B7BD200B20427 /* XCRemoteSwiftPackageReference "BottomSheet" */;
			productName = BottomSheet;
		};
		E29BE10F283B7C3200B20427 /* SwiftHaptics */ = {
			isa = XCSwiftPackageProductDependency;
			package = E29BE10E283B7C3200B20427 /* XCRemoteSwiftPackageReference "SwiftHaptics" */;
			productName = SwiftHaptics;
		};
/* End XCSwiftPackageProductDependency section */

/* Begin XCVersionGroup section */
		E29BE0DA283B64AC00B20427 /* NutritionLabelClassifier_Test_Case_Generator.xcdatamodeld */ = {
			isa = XCVersionGroup;
			children = (
				E29BE0DB283B64AC00B20427 /* Shared.xcdatamodel */,
			);
			currentVersion = E29BE0DB283B64AC00B20427 /* Shared.xcdatamodel */;
			path = NutritionLabelClassifier_Test_Case_Generator.xcdatamodeld;
			sourceTree = "<group>";
			versionGroupType = wrapper.xcdatamodel;
		};
/* End XCVersionGroup section */
	};
	rootObject = E29BE0D5283B64AC00B20427 /* Project object */;
}
