{
  "pins" : [
    {
      "identity" : "bottomsheet",
      "kind" : "remoteSourceControl",
      "location" : "https://github.com/adamfootdev/BottomSheet.git",
      "state" : {
        "branch" : "main",
        "revision" : "0e6db002eeb5e3ba402e94dfe6a120f78b5a64df"
      }
    },
    {
      "identity" : "nutritionlabelclassifier",
      "kind" : "remoteSourceControl",
      "location" : "https://github.com/pxlshpr/NutritionLabelClassifier.git",
      "state" : {
        "branch" : "main",
        "revision" : "4b3778624c8743251b3558c513f9e898118bd9a6"
      }
    },
    {
      "identity" : "swifthaptics",
      "kind" : "remoteSourceControl",
      "location" : "https://github.com/pxlshpr/SwiftHaptics",
      "state" : {
        "revision" : "6300a8681b551f3df1023266116ca9700dbd14f9",
        "version" : "0.1.0"
      }
    },
    {
      "identity" : "swiftsugar",
      "kind" : "remoteSourceControl",
      "location" : "https://github.com/pxlshpr/SwiftSugar",
      "state" : {
        "revision" : "32ed178f2751a7d97a84b63bb89f66b40cb78df6",
        "version" : "0.0.50"
      }
    },
    {
      "identity" : "swiftuisugar",
      "kind" : "remoteSourceControl",
      "location" : "https://github.com/pxlshpr/SwiftUISugar",
      "state" : {
        "revision" : "842d89b17cee5e17247f18bde608d12decd448fb",
        "version" : "0.0.134"
      }
    },
    {
      "identity" : "visionsugar",
      "kind" : "remoteSourceControl",
      "location" : "https://github.com/pxlshpr/VisionSugar",
      "state" : {
        "revision" : "d59f45c70117e02ccab41185e68b8a62e26463ca",
        "version" : "0.0.37"
      }
    }
  ],
  "version" : 2
}
