{
  "pins" : [
    {
      "identity" : "bottomsheet",
      "kind" : "remoteSourceControl",
      "location" : "https://github.com/adamfootdev/BottomSheet.git",
      "state" : {
        "branch" : "main",
        "revision" : "0e6db002eeb5e3ba402e94dfe6a120f78b5a64df"
      }
    },
    {
      "identity" : "nutritionlabelclassifier",
      "kind" : "remoteSourceControl",
      "location" : "https://github.com/pxlshpr/NutritionLabelClassifier.git",
      "state" : {
        "branch" : "main",
        "revision" : "a4acbf726db87c4ff78a432dabda58c54210843d"
      }
    },
    {
      "identity" : "swifthaptics",
      "kind" : "remoteSourceControl",
      "location" : "https://github.com/pxlshpr/SwiftHaptics",
      "state" : {
        "revision" : "6300a8681b551f3df1023266116ca9700dbd14f9",
        "version" : "0.1.0"
      }
    },
    {
      "identity" : "swiftsugar",
      "kind" : "remoteSourceControl",
      "location" : "https://github.com/pxlshpr/SwiftSugar",
      "state" : {
        "revision" : "32ed178f2751a7d97a84b63bb89f66b40cb78df6",
        "version" : "0.0.50"
      }
    },
    {
      "identity" : "swiftui-introspect",
      "kind" : "remoteSourceControl",
      "location" : "https://github.com/siteline/SwiftUI-Introspect",
      "state" : {
        "revision" : "f2616860a41f9d9932da412a8978fec79c06fe24",
        "version" : "0.1.4"
      }
    },
    {
      "identity" : "swiftuisugar",
      "kind" : "remoteSourceControl",
      "location" : "https://github.com/pxlshpr/SwiftUISugar",
      "state" : {
        "revision" : "287b7578f1b6292a1c3d39763dee2cf80f8bd522",
        "version" : "0.0.135"
      }
    },
    {
      "identity" : "visionsugar",
      "kind" : "remoteSourceControl",
      "location" : "https://github.com/pxlshpr/VisionSugar",
      "state" : {
        "revision" : "d59f45c70117e02ccab41185e68b8a62e26463ca",
        "version" : "0.0.37"
      }
    }
  ],
  "version" : 2
}
