{
  "pins" : [
    {
      "identity" : "bottomsheet",
      "kind" : "remoteSourceControl",
      "location" : "https://github.com/adamfootdev/BottomSheet.git",
      "state" : {
        "branch" : "main",
        "revision" : "0e6db002eeb5e3ba402e94dfe6a120f78b5a64df"
      }
    },
    {
      "identity" : "nutritionlabelclassifier",
      "kind" : "remoteSourceControl",
      "location" : "https://github.com/pxlshpr/NutritionLabelClassifier.git",
      "state" : {
        "branch" : "main",
        "revision" : "69aa2a6cc7ada174ae8f24331b843af24087dbf3"
      }
    },
    {
      "identity" : "swifthaptics",
      "kind" : "remoteSourceControl",
      "location" : "https://github.com/pxlshpr/SwiftHaptics",
      "state" : {
        "revision" : "6300a8681b551f3df1023266116ca9700dbd14f9",
        "version" : "0.1.0"
      }
    },
    {
      "identity" : "swiftsugar",
      "kind" : "remoteSourceControl",
      "location" : "https://github.com/pxlshpr/SwiftSugar",
      "state" : {
        "revision" : "32ed178f2751a7d97a84b63bb89f66b40cb78df6",
        "version" : "0.0.50"
      }
    },
    {
      "identity" : "swiftui-introspect",
      "kind" : "remoteSourceControl",
      "location" : "https://github.com/siteline/SwiftUI-Introspect",
      "state" : {
        "revision" : "f2616860a41f9d9932da412a8978fec79c06fe24",
        "version" : "0.1.4"
      }
    },
    {
      "identity" : "swiftuisugar",
      "kind" : "remoteSourceControl",
      "location" : "https://github.com/pxlshpr/SwiftUISugar",
      "state" : {
        "revision" : "d3b3388be21550ed654e94ce39d418c8848ef636",
        "version" : "0.0.140"
      }
    },
    {
      "identity" : "visionsugar",
      "kind" : "remoteSourceControl",
      "location" : "https://github.com/pxlshpr/VisionSugar",
      "state" : {
        "revision" : "d59f45c70117e02ccab41185e68b8a62e26463ca",
        "version" : "0.0.37"
      }
    },
    {
      "identity" : "zip",
      "kind" : "remoteSourceControl",
      "location" : "https://github.com/marmelroy/Zip",
      "state" : {
        "revision" : "67fa55813b9e7b3b9acee9c0ae501def28746d76",
        "version" : "2.1.2"
      }
    },
    {
      "identity" : "zipfoundation",
      "kind" : "remoteSourceControl",
      "location" : "https://github.com/weichsel/ZIPFoundation",
      "state" : {
        "branch" : "development",
        "revision" : "bad07a8f3dfefb0cf9faa8f9c89b6a762c92ebb0"
      }
    }
  ],
  "version" : 2
}
